
Microsoft Visual Studio Solution File, Format Version 12.00
# Visual Studio Version 16
VisualStudioVersion = 16.0.31025.218
MinimumVisualStudioVersion = 10.0.40219.1
Project("{FAE04EC0-301F-11D3-BF4B-00C04F79EFBC}") = "CV.Mobile.Android", "CV.Mobile\CV.Mobile.Android\CV.Mobile.Android.csproj", "{F47B3DED-EB2D-44CB-B3A4-B220C3AF9667}"
EndProject
Project("{FAE04EC0-301F-11D3-BF4B-00C04F79EFBC}") = "CV.Mobile.iOS", "CV.Mobile\CV.Mobile.iOS\CV.Mobile.iOS.csproj", "{77501085-3B21-4038-BFE0-917111019482}"
EndProject
Project("{FAE04EC0-301F-11D3-BF4B-00C04F79EFBC}") = "CV.Mobile", "CV.Mobile\CV.Mobile\CV.Mobile.csproj", "{82B43B43-A0B1-4DE2-A250-572BF0C9761F}"
EndProject
Global
	GlobalSection(SolutionConfigurationPlatforms) = preSolution
		Debug|Any CPU = Debug|Any CPU
		Debug|iPhone = Debug|iPhone
		Debug|iPhoneSimulator = Debug|iPhoneSimulator
		Release|Any CPU = Release|Any CPU
		Release|iPhone = Release|iPhone
		Release|iPhoneSimulator = Release|iPhoneSimulator
	EndGlobalSection
	GlobalSection(ProjectConfigurationPlatforms) = postSolution
		{F47B3DED-EB2D-44CB-B3A4-B220C3AF9667}.Debug|Any CPU.ActiveCfg = Debug|Any CPU
		{F47B3DED-EB2D-44CB-B3A4-B220C3AF9667}.Debug|Any CPU.Build.0 = Debug|Any CPU
		{F47B3DED-EB2D-44CB-B3A4-B220C3AF9667}.Debug|Any CPU.Deploy.0 = Debug|Any CPU
		{F47B3DED-EB2D-44CB-B3A4-B220C3AF9667}.Debug|iPhone.ActiveCfg = Debug|Any CPU
		{F47B3DED-EB2D-44CB-B3A4-B220C3AF9667}.Debug|iPhone.Build.0 = Debug|Any CPU
		{F47B3DED-EB2D-44CB-B3A4-B220C3AF9667}.Debug|iPhone.Deploy.0 = Debug|Any CPU
		{F47B3DED-EB2D-44CB-B3A4-B220C3AF9667}.Debug|iPhoneSimulator.ActiveCfg = Debug|Any CPU
		{F47B3DED-EB2D-44CB-B3A4-B220C3AF9667}.Debug|iPhoneSimulator.Build.0 = Debug|Any CPU
		{F47B3DED-EB2D-44CB-B3A4-B220C3AF9667}.Debug|iPhoneSimulator.Deploy.0 = Debug|Any CPU
		{F47B3DED-EB2D-44CB-B3A4-B220C3AF9667}.Release|Any CPU.ActiveCfg = Release|Any CPU
		{F47B3DED-EB2D-44CB-B3A4-B220C3AF9667}.Release|Any CPU.Build.0 = Release|Any CPU
		{F47B3DED-EB2D-44CB-B3A4-B220C3AF9667}.Release|Any CPU.Deploy.0 = Release|Any CPU
		{F47B3DED-EB2D-44CB-B3A4-B220C3AF9667}.Release|iPhone.ActiveCfg = Release|Any CPU
		{F47B3DED-EB2D-44CB-B3A4-B220C3AF9667}.Release|iPhone.Build.0 = Release|Any CPU
		{F47B3DED-EB2D-44CB-B3A4-B220C3AF9667}.Release|iPhone.Deploy.0 = Release|Any CPU
		{F47B3DED-EB2D-44CB-B3A4-B220C3AF9667}.Release|iPhoneSimulator.ActiveCfg = Release|Any CPU
		{F47B3DED-EB2D-44CB-B3A4-B220C3AF9667}.Release|iPhoneSimulator.Build.0 = Release|Any CPU
		{F47B3DED-EB2D-44CB-B3A4-B220C3AF9667}.Release|iPhoneSimulator.Deploy.0 = Release|Any CPU
		{77501085-3B21-4038-BFE0-917111019482}.Debug|Any CPU.ActiveCfg = Debug|iPhone
		{77501085-3B21-4038-BFE0-917111019482}.Debug|Any CPU.Build.0 = Debug|iPhone
		{77501085-3B21-4038-BFE0-917111019482}.Debug|Any CPU.Deploy.0 = Debug|iPhone
		{77501085-3B21-4038-BFE0-917111019482}.Debug|iPhone.ActiveCfg = Debug|iPhone
		{77501085-3B21-4038-BFE0-917111019482}.Debug|iPhone.Build.0 = Debug|iPhone
		{77501085-3B21-4038-BFE0-917111019482}.Debug|iPhone.Deploy.0 = Debug|iPhone
		{77501085-3B21-4038-BFE0-917111019482}.Debug|iPhoneSimulator.ActiveCfg = Debug|iPhoneSimulator
		{77501085-3B21-4038-BFE0-917111019482}.Debug|iPhoneSimulator.Build.0 = Debug|iPhoneSimulator
		{77501085-3B21-4038-BFE0-917111019482}.Debug|iPhoneSimulator.Deploy.0 = Debug|iPhoneSimulator
		{77501085-3B21-4038-BFE0-917111019482}.Release|Any CPU.ActiveCfg = Release|iPhoneSimulator
		{77501085-3B21-4038-BFE0-917111019482}.Release|Any CPU.Build.0 = Release|iPhoneSimulator
		{77501085-3B21-4038-BFE0-917111019482}.Release|Any CPU.Deploy.0 = Release|iPhoneSimulator
		{77501085-3B21-4038-BFE0-917111019482}.Release|iPhone.ActiveCfg = Release|iPhone
		{77501085-3B21-4038-BFE0-917111019482}.Release|iPhone.Build.0 = Release|iPhone
		{77501085-3B21-4038-BFE0-917111019482}.Release|iPhone.Deploy.0 = Release|iPhone
		{77501085-3B21-4038-BFE0-917111019482}.Release|iPhoneSimulator.ActiveCfg = Release|iPhoneSimulator
		{77501085-3B21-4038-BFE0-917111019482}.Release|iPhoneSimulator.Build.0 = Release|iPhoneSimulator
		{77501085-3B21-4038-BFE0-917111019482}.Release|iPhoneSimulator.Deploy.0 = Release|iPhoneSimulator
		{82B43B43-A0B1-4DE2-A250-572BF0C9761F}.Debug|Any CPU.ActiveCfg = Debug|Any CPU
		{82B43B43-A0B1-4DE2-A250-572BF0C9761F}.Debug|Any CPU.Build.0 = Debug|Any CPU
		{82B43B43-A0B1-4DE2-A250-572BF0C9761F}.Debug|Any CPU.Deploy.0 = Debug|Any CPU
		{82B43B43-A0B1-4DE2-A250-572BF0C9761F}.Debug|iPhone.ActiveCfg = Debug|Any CPU
		{82B43B43-A0B1-4DE2-A250-572BF0C9761F}.Debug|iPhone.Build.0 = Debug|Any CPU
		{82B43B43-A0B1-4DE2-A250-572BF0C9761F}.Debug|iPhone.Deploy.0 = Debug|Any CPU
		{82B43B43-A0B1-4DE2-A250-572BF0C9761F}.Debug|iPhoneSimulator.ActiveCfg = Debug|Any CPU
		{82B43B43-A0B1-4DE2-A250-572BF0C9761F}.Debug|iPhoneSimulator.Build.0 = Debug|Any CPU
		{82B43B43-A0B1-4DE2-A250-572BF0C9761F}.Debug|iPhoneSimulator.Deploy.0 = Debug|Any CPU
		{82B43B43-A0B1-4DE2-A250-572BF0C9761F}.Release|Any CPU.ActiveCfg = Release|Any CPU
		{82B43B43-A0B1-4DE2-A250-572BF0C9761F}.Release|Any CPU.Build.0 = Release|Any CPU
		{82B43B43-A0B1-4DE2-A250-572BF0C9761F}.Release|Any CPU.Deploy.0 = Release|Any CPU
		{82B43B43-A0B1-4DE2-A250-572BF0C9761F}.Release|iPhone.ActiveCfg = Release|Any CPU
		{82B43B43-A0B1-4DE2-A250-572BF0C9761F}.Release|iPhone.Build.0 = Release|Any CPU
		{82B43B43-A0B1-4DE2-A250-572BF0C9761F}.Release|iPhone.Deploy.0 = Release|Any CPU
		{82B43B43-A0B1-4DE2-A250-572BF0C9761F}.Release|iPhoneSimulator.ActiveCfg = Release|Any CPU
		{82B43B43-A0B1-4DE2-A250-572BF0C9761F}.Release|iPhoneSimulator.Build.0 = Release|Any CPU
		{82B43B43-A0B1-4DE2-A250-572BF0C9761F}.Release|iPhoneSimulator.Deploy.0 = Release|Any CPU
	EndGlobalSection
	GlobalSection(SolutionProperties) = preSolution
		HideSolutionNode = FALSE
	EndGlobalSection
	GlobalSection(ExtensibilityGlobals) = postSolution
		SolutionGuid = {E629199B-739D-40EE-833E-B3BDC229FA7E}
	EndGlobalSection
EndGlobal
